
Microsoft Visual Studio Solution File, Format Version 12.00
# Visual Studio Version 16
VisualStudioVersion = 16.0.29201.188
MinimumVisualStudioVersion = 10.0.40219.1
Project("{FAE04EC0-301F-11D3-BF4B-00C04F79EFBC}") = "EC1_Lab2", "EC1_Lab2\EC1_Lab2.csproj", "{335A6D94-4AD3-45E2-B421-F1229BFE066D}"
EndProject
Global
	GlobalSection(SolutionConfigurationPlatforms) = preSolution
		Debug|Any CPU = Debug|Any CPU
		Release|Any CPU = Release|Any CPU
	EndGlobalSection
	GlobalSection(ProjectConfigurationPlatforms) = postSolution
		{335A6D94-4AD3-45E2-B421-F1229BFE066D}.Debug|Any CPU.ActiveCfg = Debug|Any CPU
		{335A6D94-4AD3-45E2-B421-F1229BFE066D}.Debug|Any CPU.Build.0 = Debug|Any CPU
		{335A6D94-4AD3-45E2-B421-F1229BFE066D}.Release|Any CPU.ActiveCfg = Release|Any CPU
		{335A6D94-4AD3-45E2-B421-F1229BFE066D}.Release|Any CPU.Build.0 = Release|Any CPU
	EndGlobalSection
	GlobalSection(SolutionProperties) = preSolution
		HideSolutionNode = FALSE
	EndGlobalSection
	GlobalSection(ExtensibilityGlobals) = postSolution
		SolutionGuid = {8211E550-014C-41E8-B20F-6C7992DCD99A}
	EndGlobalSection
EndGlobal
